
Microsoft Visual Studio Solution File, Format Version 12.00
# Visual Studio Version 17
VisualStudioVersion = 17.0.32126.317
MinimumVisualStudioVersion = 10.0.40219.1
Project("{FAE04EC0-301F-11D3-BF4B-00C04F79EFBC}") = "BracketEdit v2", "BracketEdit v2\BracketEdit v2.csproj", "{F4B0EE27-FA88-42C2-8A66-159D2BF01739}"
EndProject
Global
	GlobalSection(SolutionConfigurationPlatforms) = preSolution
		Debug|Any CPU = Debug|Any CPU
		Release|Any CPU = Release|Any CPU
	EndGlobalSection
	GlobalSection(ProjectConfigurationPlatforms) = postSolution
		{F4B0EE27-FA88-42C2-8A66-159D2BF01739}.Debug|Any CPU.ActiveCfg = Debug|Any CPU
		{F4B0EE27-FA88-42C2-8A66-159D2BF01739}.Debug|Any CPU.Build.0 = Debug|Any CPU
		{F4B0EE27-FA88-42C2-8A66-159D2BF01739}.Release|Any CPU.ActiveCfg = Release|Any CPU
		{F4B0EE27-FA88-42C2-8A66-159D2BF01739}.Release|Any CPU.Build.0 = Release|Any CPU
	EndGlobalSection
	GlobalSection(SolutionProperties) = preSolution
		HideSolutionNode = FALSE
	EndGlobalSection
	GlobalSection(ExtensibilityGlobals) = postSolution
		SolutionGuid = {9F905928-C640-46A6-A691-3392EAC0E617}
	EndGlobalSection
EndGlobal
